
Microsoft Visual Studio Solution File, Format Version 12.00
# Visual Studio 2013
VisualStudioVersion = 12.0.30110.0
MinimumVisualStudioVersion = 10.0.40219.1
Project("{FAE04EC0-301F-11D3-BF4B-00C04F79EFBC}") = "HiringManager", "HiringManager\HiringManager.csproj", "{791DA4A2-74BD-447B-B2A1-17B1750E2785}"
EndProject
Project("{FAE04EC0-301F-11D3-BF4B-00C04F79EFBC}") = "HiringManager.DomainServices", "HiringManager.DomainServices\HiringManager.DomainServices.csproj", "{F2CD0E3D-A396-4885-B79A-7810F0A39714}"
EndProject
Project("{FAE04EC0-301F-11D3-BF4B-00C04F79EFBC}") = "HiringManager.DomainServices.UnitTests", "HiringManager.DomainServices.UnitTests\HiringManager.DomainServices.UnitTests.csproj", "{72D83EDA-19FF-40B3-9107-EC9F8C18763F}"
EndProject
Project("{2150E333-8FDC-42A3-9474-1A3956D46DE8}") = "UnitTests", "UnitTests", "{24CF5B92-CD60-4E10-89E8-722327EE3F95}"
EndProject
Project("{FAE04EC0-301F-11D3-BF4B-00C04F79EFBC}") = "HiringManager.Web", "HiringManager.Web\HiringManager.Web.csproj", "{9406BF32-1749-4A2E-9028-E4D8217F68EF}"
EndProject
Project("{FAE04EC0-301F-11D3-BF4B-00C04F79EFBC}") = "HiringManager.Web.Ninject", "HiringManager.Web.Ninject\HiringManager.Web.Ninject.csproj", "{BE3EF44A-8A04-4139-90D4-04AF2FAF6B5C}"
EndProject
Project("{FAE04EC0-301F-11D3-BF4B-00C04F79EFBC}") = "HiringManager.EntityFramework", "HiringManager.Domain.EntityFramework\HiringManager.EntityFramework.csproj", "{9A9F6DF1-F1B4-45F1-992D-B140A33558A0}"
EndProject
Project("{FAE04EC0-301F-11D3-BF4B-00C04F79EFBC}") = "HiringManager.EntityFramework.IntegrationTests", "HiringManager.Domain.EntityFramework.UnitTests\HiringManager.EntityFramework.IntegrationTests.csproj", "{62A22E4D-9699-424F-835E-409BAE6CCF8C}"
EndProject
Project("{FAE04EC0-301F-11D3-BF4B-00C04F79EFBC}") = "HiringManager.DomainServices.Transactions", "HiringManager.DomainServices.Transactions\HiringManager.DomainServices.Transactions.csproj", "{D45B2834-2AE2-4B87-A3D3-F06D8D077C49}"
EndProject
Project("{FAE04EC0-301F-11D3-BF4B-00C04F79EFBC}") = "HiringManager.DomainServices.Transactions.UnitTests", "HiringManager.DomainServices.Transactions.UnitTests\HiringManager.DomainServices.Transactions.UnitTests.csproj", "{CCA019CB-F851-4C5F-BC8D-64A4B239D106}"
EndProject
Project("{2150E333-8FDC-42A3-9474-1A3956D46DE8}") = "Domain", "Domain", "{EBC440B8-A54B-4AA4-8BC8-A1D8ED0C55AD}"
EndProject
Project("{2150E333-8FDC-42A3-9474-1A3956D46DE8}") = "Applications", "Applications", "{BA66A988-8AF2-43D9-8F65-964645D2F066}"
EndProject
Project("{FAE04EC0-301F-11D3-BF4B-00C04F79EFBC}") = "HiringManager.Web.UnitTests", "HiringManager.Web.UnitTests\HiringManager.Web.UnitTests.csproj", "{DB83D5B0-E165-4C15-9CA7-6C76F996B805}"
EndProject
Project("{2150E333-8FDC-42A3-9474-1A3956D46DE8}") = "Infrastructure", "Infrastructure", "{8842699D-98E8-4584-B6F3-0C26BF0E922D}"
EndProject
Project("{FAE04EC0-301F-11D3-BF4B-00C04F79EFBC}") = "HiringManager.EntityModel", "HiringManager.EntityModel\HiringManager.EntityModel.csproj", "{77B8DB13-EC9D-4E56-B298-083B04A8D167}"
EndProject
Project("{FAE04EC0-301F-11D3-BF4B-00C04F79EFBC}") = "HiringManager.EntityModel.UnitTests", "HiringManager.EntityModel.UnitTests\HiringManager.EntityModel.UnitTests.csproj", "{CA9AA2FD-A6BA-4641-8E31-2C31F69C7E03}"
EndProject
Project("{2150E333-8FDC-42A3-9474-1A3956D46DE8}") = ".nuget", ".nuget", "{B5D3DC01-2D49-40FB-94CB-B6A3A083517E}"
	ProjectSection(SolutionItems) = preProject
		.nuget\NuGet.Config = .nuget\NuGet.Config
		.nuget\NuGet.exe = .nuget\NuGet.exe
		.nuget\NuGet.targets = .nuget\NuGet.targets
	EndProjectSection
EndProject
Project("{2150E333-8FDC-42A3-9474-1A3956D46DE8}") = "Tests", "Tests", "{34B2C909-9139-449B-BB06-58949F6A1AD2}"
EndProject
Project("{2150E333-8FDC-42A3-9474-1A3956D46DE8}") = "Integration Tests", "Integration Tests", "{C0F66176-DBAD-434C-B050-63598BD07563}"
EndProject
Project("{FAE04EC0-301F-11D3-BF4B-00C04F79EFBC}") = "HiringManager.Web.Integration.IntegrationTests", "HiringManager.Web.Integration.Tests\HiringManager.Web.Integration.IntegrationTests.csproj", "{4A30FC22-4086-430C-B50D-B51AEBE488F0}"
EndProject
Project("{FAE04EC0-301F-11D3-BF4B-00C04F79EFBC}") = "HiringManager.EntityFramework.Migrations", "HiringManager.EntityFramework.Migrations\HiringManager.EntityFramework.Migrations.csproj", "{26757989-4B6B-48CC-8196-256CD5D6AAAB}"
EndProject
Project("{FAE04EC0-301F-11D3-BF4B-00C04F79EFBC}") = "HiringManager.DomainServices.Validators", "HiringManager.DomainServices.Validators\HiringManager.DomainServices.Validators.csproj", "{F44AE5B2-6B7E-41DC-B9BA-75F7595ECF74}"
EndProject
Project("{FAE04EC0-301F-11D3-BF4B-00C04F79EFBC}") = "HiringManager.DomainServices.Validators.UnitTests", "HiringManager.DomainServices.Validators.UnitTests\HiringManager.DomainServices.Validators.UnitTests.csproj", "{6A36FA13-494F-4CB2-A5A8-AA12951DC5DD}"
EndProject
Project("{FAE04EC0-301F-11D3-BF4B-00C04F79EFBC}") = "TestHelpers", "TestHelpers\TestHelpers.csproj", "{8EF3434D-873D-4139-9513-758CF15D1097}"
EndProject
Project("{2150E333-8FDC-42A3-9474-1A3956D46DE8}") = "Presentation", "Presentation", "{25134E44-4928-4180-9E55-FF0F8A530587}"
EndProject
Project("{FAE04EC0-301F-11D3-BF4B-00C04F79EFBC}") = "HiringManager.Web.ViewModels", "HiringManager.Web.ViewModels\HiringManager.Web.ViewModels.csproj", "{D023737E-5EF9-45D1-800D-40CCFDE74661}"
EndProject
Project("{2150E333-8FDC-42A3-9474-1A3956D46DE8}") = ".builddb", ".builddb", "{1895D85C-84A0-4666-9983-9E4322F2CA41}"
	ProjectSection(SolutionItems) = preProject
		Invoke-BuildDb.ps1 = Invoke-BuildDb.ps1
	EndProjectSection
EndProject
Global
	GlobalSection(SolutionConfigurationPlatforms) = preSolution
		Debug|Any CPU = Debug|Any CPU
		Release|Any CPU = Release|Any CPU
	EndGlobalSection
	GlobalSection(ProjectConfigurationPlatforms) = postSolution
		{791DA4A2-74BD-447B-B2A1-17B1750E2785}.Debug|Any CPU.ActiveCfg = Debug|Any CPU
		{791DA4A2-74BD-447B-B2A1-17B1750E2785}.Debug|Any CPU.Build.0 = Debug|Any CPU
		{791DA4A2-74BD-447B-B2A1-17B1750E2785}.Release|Any CPU.ActiveCfg = Release|Any CPU
		{791DA4A2-74BD-447B-B2A1-17B1750E2785}.Release|Any CPU.Build.0 = Release|Any CPU
		{F2CD0E3D-A396-4885-B79A-7810F0A39714}.Debug|Any CPU.ActiveCfg = Debug|Any CPU
		{F2CD0E3D-A396-4885-B79A-7810F0A39714}.Debug|Any CPU.Build.0 = Debug|Any CPU
		{F2CD0E3D-A396-4885-B79A-7810F0A39714}.Release|Any CPU.ActiveCfg = Release|Any CPU
		{F2CD0E3D-A396-4885-B79A-7810F0A39714}.Release|Any CPU.Build.0 = Release|Any CPU
		{72D83EDA-19FF-40B3-9107-EC9F8C18763F}.Debug|Any CPU.ActiveCfg = Debug|Any CPU
		{72D83EDA-19FF-40B3-9107-EC9F8C18763F}.Debug|Any CPU.Build.0 = Debug|Any CPU
		{72D83EDA-19FF-40B3-9107-EC9F8C18763F}.Release|Any CPU.ActiveCfg = Release|Any CPU
		{72D83EDA-19FF-40B3-9107-EC9F8C18763F}.Release|Any CPU.Build.0 = Release|Any CPU
		{9406BF32-1749-4A2E-9028-E4D8217F68EF}.Debug|Any CPU.ActiveCfg = Debug|Any CPU
		{9406BF32-1749-4A2E-9028-E4D8217F68EF}.Debug|Any CPU.Build.0 = Debug|Any CPU
		{9406BF32-1749-4A2E-9028-E4D8217F68EF}.Release|Any CPU.ActiveCfg = Release|Any CPU
		{9406BF32-1749-4A2E-9028-E4D8217F68EF}.Release|Any CPU.Build.0 = Release|Any CPU
		{BE3EF44A-8A04-4139-90D4-04AF2FAF6B5C}.Debug|Any CPU.ActiveCfg = Debug|Any CPU
		{BE3EF44A-8A04-4139-90D4-04AF2FAF6B5C}.Debug|Any CPU.Build.0 = Debug|Any CPU
		{BE3EF44A-8A04-4139-90D4-04AF2FAF6B5C}.Release|Any CPU.ActiveCfg = Release|Any CPU
		{BE3EF44A-8A04-4139-90D4-04AF2FAF6B5C}.Release|Any CPU.Build.0 = Release|Any CPU
		{9A9F6DF1-F1B4-45F1-992D-B140A33558A0}.Debug|Any CPU.ActiveCfg = Debug|Any CPU
		{9A9F6DF1-F1B4-45F1-992D-B140A33558A0}.Debug|Any CPU.Build.0 = Debug|Any CPU
		{9A9F6DF1-F1B4-45F1-992D-B140A33558A0}.Release|Any CPU.ActiveCfg = Release|Any CPU
		{9A9F6DF1-F1B4-45F1-992D-B140A33558A0}.Release|Any CPU.Build.0 = Release|Any CPU
		{62A22E4D-9699-424F-835E-409BAE6CCF8C}.Debug|Any CPU.ActiveCfg = Debug|Any CPU
		{62A22E4D-9699-424F-835E-409BAE6CCF8C}.Debug|Any CPU.Build.0 = Debug|Any CPU
		{62A22E4D-9699-424F-835E-409BAE6CCF8C}.Release|Any CPU.ActiveCfg = Release|Any CPU
		{62A22E4D-9699-424F-835E-409BAE6CCF8C}.Release|Any CPU.Build.0 = Release|Any CPU
		{D45B2834-2AE2-4B87-A3D3-F06D8D077C49}.Debug|Any CPU.ActiveCfg = Debug|Any CPU
		{D45B2834-2AE2-4B87-A3D3-F06D8D077C49}.Debug|Any CPU.Build.0 = Debug|Any CPU
		{D45B2834-2AE2-4B87-A3D3-F06D8D077C49}.Release|Any CPU.ActiveCfg = Release|Any CPU
		{D45B2834-2AE2-4B87-A3D3-F06D8D077C49}.Release|Any CPU.Build.0 = Release|Any CPU
		{CCA019CB-F851-4C5F-BC8D-64A4B239D106}.Debug|Any CPU.ActiveCfg = Debug|Any CPU
		{CCA019CB-F851-4C5F-BC8D-64A4B239D106}.Debug|Any CPU.Build.0 = Debug|Any CPU
		{CCA019CB-F851-4C5F-BC8D-64A4B239D106}.Release|Any CPU.ActiveCfg = Release|Any CPU
		{CCA019CB-F851-4C5F-BC8D-64A4B239D106}.Release|Any CPU.Build.0 = Release|Any CPU
		{DB83D5B0-E165-4C15-9CA7-6C76F996B805}.Debug|Any CPU.ActiveCfg = Debug|Any CPU
		{DB83D5B0-E165-4C15-9CA7-6C76F996B805}.Debug|Any CPU.Build.0 = Debug|Any CPU
		{DB83D5B0-E165-4C15-9CA7-6C76F996B805}.Release|Any CPU.ActiveCfg = Release|Any CPU
		{DB83D5B0-E165-4C15-9CA7-6C76F996B805}.Release|Any CPU.Build.0 = Release|Any CPU
		{77B8DB13-EC9D-4E56-B298-083B04A8D167}.Debug|Any CPU.ActiveCfg = Debug|Any CPU
		{77B8DB13-EC9D-4E56-B298-083B04A8D167}.Debug|Any CPU.Build.0 = Debug|Any CPU
		{77B8DB13-EC9D-4E56-B298-083B04A8D167}.Release|Any CPU.ActiveCfg = Release|Any CPU
		{77B8DB13-EC9D-4E56-B298-083B04A8D167}.Release|Any CPU.Build.0 = Release|Any CPU
		{CA9AA2FD-A6BA-4641-8E31-2C31F69C7E03}.Debug|Any CPU.ActiveCfg = Debug|Any CPU
		{CA9AA2FD-A6BA-4641-8E31-2C31F69C7E03}.Debug|Any CPU.Build.0 = Debug|Any CPU
		{CA9AA2FD-A6BA-4641-8E31-2C31F69C7E03}.Release|Any CPU.ActiveCfg = Release|Any CPU
		{CA9AA2FD-A6BA-4641-8E31-2C31F69C7E03}.Release|Any CPU.Build.0 = Release|Any CPU
		{4A30FC22-4086-430C-B50D-B51AEBE488F0}.Debug|Any CPU.ActiveCfg = Debug|Any CPU
		{4A30FC22-4086-430C-B50D-B51AEBE488F0}.Debug|Any CPU.Build.0 = Debug|Any CPU
		{4A30FC22-4086-430C-B50D-B51AEBE488F0}.Release|Any CPU.ActiveCfg = Release|Any CPU
		{4A30FC22-4086-430C-B50D-B51AEBE488F0}.Release|Any CPU.Build.0 = Release|Any CPU
		{26757989-4B6B-48CC-8196-256CD5D6AAAB}.Debug|Any CPU.ActiveCfg = Debug|Any CPU
		{26757989-4B6B-48CC-8196-256CD5D6AAAB}.Debug|Any CPU.Build.0 = Debug|Any CPU
		{26757989-4B6B-48CC-8196-256CD5D6AAAB}.Release|Any CPU.ActiveCfg = Release|Any CPU
		{26757989-4B6B-48CC-8196-256CD5D6AAAB}.Release|Any CPU.Build.0 = Release|Any CPU
		{F44AE5B2-6B7E-41DC-B9BA-75F7595ECF74}.Debug|Any CPU.ActiveCfg = Debug|Any CPU
		{F44AE5B2-6B7E-41DC-B9BA-75F7595ECF74}.Debug|Any CPU.Build.0 = Debug|Any CPU
		{F44AE5B2-6B7E-41DC-B9BA-75F7595ECF74}.Release|Any CPU.ActiveCfg = Release|Any CPU
		{F44AE5B2-6B7E-41DC-B9BA-75F7595ECF74}.Release|Any CPU.Build.0 = Release|Any CPU
		{6A36FA13-494F-4CB2-A5A8-AA12951DC5DD}.Debug|Any CPU.ActiveCfg = Debug|Any CPU
		{6A36FA13-494F-4CB2-A5A8-AA12951DC5DD}.Debug|Any CPU.Build.0 = Debug|Any CPU
		{6A36FA13-494F-4CB2-A5A8-AA12951DC5DD}.Release|Any CPU.ActiveCfg = Release|Any CPU
		{6A36FA13-494F-4CB2-A5A8-AA12951DC5DD}.Release|Any CPU.Build.0 = Release|Any CPU
		{8EF3434D-873D-4139-9513-758CF15D1097}.Debug|Any CPU.ActiveCfg = Debug|Any CPU
		{8EF3434D-873D-4139-9513-758CF15D1097}.Debug|Any CPU.Build.0 = Debug|Any CPU
		{8EF3434D-873D-4139-9513-758CF15D1097}.Release|Any CPU.ActiveCfg = Release|Any CPU
		{8EF3434D-873D-4139-9513-758CF15D1097}.Release|Any CPU.Build.0 = Release|Any CPU
		{D023737E-5EF9-45D1-800D-40CCFDE74661}.Debug|Any CPU.ActiveCfg = Debug|Any CPU
		{D023737E-5EF9-45D1-800D-40CCFDE74661}.Debug|Any CPU.Build.0 = Debug|Any CPU
		{D023737E-5EF9-45D1-800D-40CCFDE74661}.Release|Any CPU.ActiveCfg = Release|Any CPU
		{D023737E-5EF9-45D1-800D-40CCFDE74661}.Release|Any CPU.Build.0 = Release|Any CPU
	EndGlobalSection
	GlobalSection(SolutionProperties) = preSolution
		HideSolutionNode = FALSE
	EndGlobalSection
	GlobalSection(NestedProjects) = preSolution
		{BE3EF44A-8A04-4139-90D4-04AF2FAF6B5C} = {8842699D-98E8-4584-B6F3-0C26BF0E922D}
		{9A9F6DF1-F1B4-45F1-992D-B140A33558A0} = {8842699D-98E8-4584-B6F3-0C26BF0E922D}
		{791DA4A2-74BD-447B-B2A1-17B1750E2785} = {8842699D-98E8-4584-B6F3-0C26BF0E922D}
		{26757989-4B6B-48CC-8196-256CD5D6AAAB} = {8842699D-98E8-4584-B6F3-0C26BF0E922D}
		{D45B2834-2AE2-4B87-A3D3-F06D8D077C49} = {EBC440B8-A54B-4AA4-8BC8-A1D8ED0C55AD}
		{F2CD0E3D-A396-4885-B79A-7810F0A39714} = {EBC440B8-A54B-4AA4-8BC8-A1D8ED0C55AD}
		{77B8DB13-EC9D-4E56-B298-083B04A8D167} = {EBC440B8-A54B-4AA4-8BC8-A1D8ED0C55AD}
		{F44AE5B2-6B7E-41DC-B9BA-75F7595ECF74} = {EBC440B8-A54B-4AA4-8BC8-A1D8ED0C55AD}
		{24CF5B92-CD60-4E10-89E8-722327EE3F95} = {34B2C909-9139-449B-BB06-58949F6A1AD2}
		{C0F66176-DBAD-434C-B050-63598BD07563} = {34B2C909-9139-449B-BB06-58949F6A1AD2}
		{8EF3434D-873D-4139-9513-758CF15D1097} = {34B2C909-9139-449B-BB06-58949F6A1AD2}
		{CCA019CB-F851-4C5F-BC8D-64A4B239D106} = {24CF5B92-CD60-4E10-89E8-722327EE3F95}
		{DB83D5B0-E165-4C15-9CA7-6C76F996B805} = {24CF5B92-CD60-4E10-89E8-722327EE3F95}
		{CA9AA2FD-A6BA-4641-8E31-2C31F69C7E03} = {24CF5B92-CD60-4E10-89E8-722327EE3F95}
		{72D83EDA-19FF-40B3-9107-EC9F8C18763F} = {24CF5B92-CD60-4E10-89E8-722327EE3F95}
		{6A36FA13-494F-4CB2-A5A8-AA12951DC5DD} = {24CF5B92-CD60-4E10-89E8-722327EE3F95}
		{9406BF32-1749-4A2E-9028-E4D8217F68EF} = {BA66A988-8AF2-43D9-8F65-964645D2F066}
		{62A22E4D-9699-424F-835E-409BAE6CCF8C} = {C0F66176-DBAD-434C-B050-63598BD07563}
		{4A30FC22-4086-430C-B50D-B51AEBE488F0} = {C0F66176-DBAD-434C-B050-63598BD07563}
		{D023737E-5EF9-45D1-800D-40CCFDE74661} = {25134E44-4928-4180-9E55-FF0F8A530587}
	EndGlobalSection
EndGlobal
